// !$*UTF8*$!
{
	archiveVersion = 1;
	classes = {
	};
	objectVersion = 46;
	objects = {

/* Begin PBXBuildFile section */
		800CD49C1EDA4A9300F63D5D /* PriceEstimate.swift in Sources */ = {isa = PBXBuildFile; fileRef = 800CD49B1EDA4A9300F63D5D /* PriceEstimate.swift */; };
		804E42661EDCFBFC007F0BC3 /* MapViewModel.swift in Sources */ = {isa = PBXBuildFile; fileRef = 804E42651EDCFBFC007F0BC3 /* MapViewModel.swift */; };
		80951FF41EDB6A2600E66F3D /* UberApi.swift in Sources */ = {isa = PBXBuildFile; fileRef = 80951FF31EDB6A2600E66F3D /* UberApi.swift */; };
		80951FF91EDB81D800E66F3D /* LyftApi.swift in Sources */ = {isa = PBXBuildFile; fileRef = 80951FF81EDB81D800E66F3D /* LyftApi.swift */; };
		80951FFB1EDB829000E66F3D /* CostEstimate.swift in Sources */ = {isa = PBXBuildFile; fileRef = 80951FFA1EDB829000E66F3D /* CostEstimate.swift */; };
		80951FFF1EDB876F00E66F3D /* Authentication.swift in Sources */ = {isa = PBXBuildFile; fileRef = 80951FFE1EDB876F00E66F3D /* Authentication.swift */; };
		80962D921EEC921800D62F56 /* DestinationView.swift in Sources */ = {isa = PBXBuildFile; fileRef = 80962D911EEC921800D62F56 /* DestinationView.swift */; };
		80962D941EEC933B00D62F56 /* MapView.swift in Sources */ = {isa = PBXBuildFile; fileRef = 80962D931EEC933B00D62F56 /* MapView.swift */; };
		80ABCDC81EE7964000D05D83 /* LocationManager.swift in Sources */ = {isa = PBXBuildFile; fileRef = 80ABCDC71EE7964000D05D83 /* LocationManager.swift */; };
		80B662A21EDA3851006F19C4 /* AppDelegate.swift in Sources */ = {isa = PBXBuildFile; fileRef = 80B662A11EDA3851006F19C4 /* AppDelegate.swift */; };
		80B662A41EDA3851006F19C4 /* MapController.swift in Sources */ = {isa = PBXBuildFile; fileRef = 80B662A31EDA3851006F19C4 /* MapController.swift */; };
		80B662A71EDA3851006F19C4 /* Main.storyboard in Resources */ = {isa = PBXBuildFile; fileRef = 80B662A51EDA3851006F19C4 /* Main.storyboard */; };
		80B662A91EDA3851006F19C4 /* Assets.xcassets in Resources */ = {isa = PBXBuildFile; fileRef = 80B662A81EDA3851006F19C4 /* Assets.xcassets */; };
		80B662AC1EDA3851006F19C4 /* LaunchScreen.storyboard in Resources */ = {isa = PBXBuildFile; fileRef = 80B662AA1EDA3851006F19C4 /* LaunchScreen.storyboard */; };
		80B662B71EDA3851006F19C4 /* SuperRydeTests.swift in Sources */ = {isa = PBXBuildFile; fileRef = 80B662B61EDA3851006F19C4 /* SuperRydeTests.swift */; };
		8255E9F2A0E171DFCE2234DD /* Pods_SuperRyde.framework in Frameworks */ = {isa = PBXBuildFile; fileRef = BB4EAB5E48B0B837191E2B2A /* Pods_SuperRyde.framework */; };
		EF2AAFA8BD70562392CCF168 /* Pods_SuperRydeTests.framework in Frameworks */ = {isa = PBXBuildFile; fileRef = 3CB647CB6FBA558AC226F6DA /* Pods_SuperRydeTests.framework */; };
/* End PBXBuildFile section */

/* Begin PBXContainerItemProxy section */
		80B662B31EDA3851006F19C4 /* PBXContainerItemProxy */ = {
			isa = PBXContainerItemProxy;
			containerPortal = 80B662961EDA3851006F19C4 /* Project object */;
			proxyType = 1;
			remoteGlobalIDString = 80B6629D1EDA3851006F19C4;
			remoteInfo = SuperRyde;
		};
/* End PBXContainerItemProxy section */

/* Begin PBXFileReference section */
		2F6987A0AAC2CE09208A06F1 /* Pods-SuperRydeTests.debug.xcconfig */ = {isa = PBXFileReference; includeInIndex = 1; lastKnownFileType = text.xcconfig; name = "Pods-SuperRydeTests.debug.xcconfig"; path = "Pods/Target Support Files/Pods-SuperRydeTests/Pods-SuperRydeTests.debug.xcconfig"; sourceTree = "<group>"; };
		3CB647CB6FBA558AC226F6DA /* Pods_SuperRydeTests.framework */ = {isa = PBXFileReference; explicitFileType = wrapper.framework; includeInIndex = 0; path = Pods_SuperRydeTests.framework; sourceTree = BUILT_PRODUCTS_DIR; };
		5B99D1D1D01BF0E0D48CCCA1 /* Pods-SuperRyde.debug.xcconfig */ = {isa = PBXFileReference; includeInIndex = 1; lastKnownFileType = text.xcconfig; name = "Pods-SuperRyde.debug.xcconfig"; path = "Pods/Target Support Files/Pods-SuperRyde/Pods-SuperRyde.debug.xcconfig"; sourceTree = "<group>"; };
		800CD49B1EDA4A9300F63D5D /* PriceEstimate.swift */ = {isa = PBXFileReference; fileEncoding = 4; lastKnownFileType = sourcecode.swift; path = PriceEstimate.swift; sourceTree = "<group>"; };
		804E42651EDCFBFC007F0BC3 /* MapViewModel.swift */ = {isa = PBXFileReference; fileEncoding = 4; lastKnownFileType = sourcecode.swift; path = MapViewModel.swift; sourceTree = "<group>"; };
		80951FF31EDB6A2600E66F3D /* UberApi.swift */ = {isa = PBXFileReference; fileEncoding = 4; lastKnownFileType = sourcecode.swift; path = UberApi.swift; sourceTree = "<group>"; };
		80951FF81EDB81D800E66F3D /* LyftApi.swift */ = {isa = PBXFileReference; fileEncoding = 4; lastKnownFileType = sourcecode.swift; path = LyftApi.swift; sourceTree = "<group>"; };
		80951FFA1EDB829000E66F3D /* CostEstimate.swift */ = {isa = PBXFileReference; fileEncoding = 4; lastKnownFileType = sourcecode.swift; path = CostEstimate.swift; sourceTree = "<group>"; };
		80951FFE1EDB876F00E66F3D /* Authentication.swift */ = {isa = PBXFileReference; fileEncoding = 4; lastKnownFileType = sourcecode.swift; path = Authentication.swift; sourceTree = "<group>"; };
		80962D911EEC921800D62F56 /* DestinationView.swift */ = {isa = PBXFileReference; fileEncoding = 4; lastKnownFileType = sourcecode.swift; path = DestinationView.swift; sourceTree = "<group>"; };
		80962D931EEC933B00D62F56 /* MapView.swift */ = {isa = PBXFileReference; fileEncoding = 4; lastKnownFileType = sourcecode.swift; path = MapView.swift; sourceTree = "<group>"; };
		80ABCDC71EE7964000D05D83 /* LocationManager.swift */ = {isa = PBXFileReference; fileEncoding = 4; lastKnownFileType = sourcecode.swift; path = LocationManager.swift; sourceTree = "<group>"; };
		80B6629E1EDA3851006F19C4 /* SuperRyde.app */ = {isa = PBXFileReference; explicitFileType = wrapper.application; includeInIndex = 0; path = SuperRyde.app; sourceTree = BUILT_PRODUCTS_DIR; };
		80B662A11EDA3851006F19C4 /* AppDelegate.swift */ = {isa = PBXFileReference; lastKnownFileType = sourcecode.swift; path = AppDelegate.swift; sourceTree = "<group>"; };
		80B662A31EDA3851006F19C4 /* MapController.swift */ = {isa = PBXFileReference; lastKnownFileType = sourcecode.swift; path = MapController.swift; sourceTree = "<group>"; };
		80B662A61EDA3851006F19C4 /* Base */ = {isa = PBXFileReference; lastKnownFileType = file.storyboard; name = Base; path = Base.lproj/Main.storyboard; sourceTree = "<group>"; };
		80B662A81EDA3851006F19C4 /* Assets.xcassets */ = {isa = PBXFileReference; lastKnownFileType = folder.assetcatalog; path = Assets.xcassets; sourceTree = "<group>"; };
		80B662AB1EDA3851006F19C4 /* Base */ = {isa = PBXFileReference; lastKnownFileType = file.storyboard; name = Base; path = Base.lproj/LaunchScreen.storyboard; sourceTree = "<group>"; };
		80B662AD1EDA3851006F19C4 /* Info.plist */ = {isa = PBXFileReference; lastKnownFileType = text.plist.xml; path = Info.plist; sourceTree = "<group>"; };
		80B662B21EDA3851006F19C4 /* SuperRydeTests.xctest */ = {isa = PBXFileReference; explicitFileType = wrapper.cfbundle; includeInIndex = 0; path = SuperRydeTests.xctest; sourceTree = BUILT_PRODUCTS_DIR; };
		80B662B61EDA3851006F19C4 /* SuperRydeTests.swift */ = {isa = PBXFileReference; lastKnownFileType = sourcecode.swift; path = SuperRydeTests.swift; sourceTree = "<group>"; };
		80B662B81EDA3851006F19C4 /* Info.plist */ = {isa = PBXFileReference; lastKnownFileType = text.plist.xml; path = Info.plist; sourceTree = "<group>"; };
		BB4EAB5E48B0B837191E2B2A /* Pods_SuperRyde.framework */ = {isa = PBXFileReference; explicitFileType = wrapper.framework; includeInIndex = 0; path = Pods_SuperRyde.framework; sourceTree = BUILT_PRODUCTS_DIR; };
		C1912388BE5FA3D517DAF10E /* Pods-SuperRyde.release.xcconfig */ = {isa = PBXFileReference; includeInIndex = 1; lastKnownFileType = text.xcconfig; name = "Pods-SuperRyde.release.xcconfig"; path = "Pods/Target Support Files/Pods-SuperRyde/Pods-SuperRyde.release.xcconfig"; sourceTree = "<group>"; };
		E9CC85FBEC340CA4BD569E1D /* Pods-SuperRydeTests.release.xcconfig */ = {isa = PBXFileReference; includeInIndex = 1; lastKnownFileType = text.xcconfig; name = "Pods-SuperRydeTests.release.xcconfig"; path = "Pods/Target Support Files/Pods-SuperRydeTests/Pods-SuperRydeTests.release.xcconfig"; sourceTree = "<group>"; };
/* End PBXFileReference section */

/* Begin PBXFrameworksBuildPhase section */
		80B6629B1EDA3851006F19C4 /* Frameworks */ = {
			isa = PBXFrameworksBuildPhase;
			buildActionMask = 2147483647;
			files = (
				8255E9F2A0E171DFCE2234DD /* Pods_SuperRyde.framework in Frameworks */,
			);
			runOnlyForDeploymentPostprocessing = 0;
		};
		80B662AF1EDA3851006F19C4 /* Frameworks */ = {
			isa = PBXFrameworksBuildPhase;
			buildActionMask = 2147483647;
			files = (
				EF2AAFA8BD70562392CCF168 /* Pods_SuperRydeTests.framework in Frameworks */,
			);
			runOnlyForDeploymentPostprocessing = 0;
		};
/* End PBXFrameworksBuildPhase section */

/* Begin PBXGroup section */
		73B0D0D78B937194092D4D1F /* Pods */ = {
			isa = PBXGroup;
			children = (
				5B99D1D1D01BF0E0D48CCCA1 /* Pods-SuperRyde.debug.xcconfig */,
				C1912388BE5FA3D517DAF10E /* Pods-SuperRyde.release.xcconfig */,
				2F6987A0AAC2CE09208A06F1 /* Pods-SuperRydeTests.debug.xcconfig */,
				E9CC85FBEC340CA4BD569E1D /* Pods-SuperRydeTests.release.xcconfig */,
			);
			name = Pods;
			sourceTree = "<group>";
		};
		800CD49A1EDA4A7E00F63D5D /* Uber */ = {
			isa = PBXGroup;
			children = (
				80951FF31EDB6A2600E66F3D /* UberApi.swift */,
				800CD49B1EDA4A9300F63D5D /* PriceEstimate.swift */,
			);
			name = Uber;
			sourceTree = "<group>";
		};
		80951FF21EDB69FB00E66F3D /* Network */ = {
			isa = PBXGroup;
			children = (
				80951FF71EDB7C9600E66F3D /* Lyft */,
				800CD49A1EDA4A7E00F63D5D /* Uber */,
			);
			name = Network;
			sourceTree = "<group>";
		};
		80951FF71EDB7C9600E66F3D /* Lyft */ = {
			isa = PBXGroup;
			children = (
				80951FF81EDB81D800E66F3D /* LyftApi.swift */,
				80951FFA1EDB829000E66F3D /* CostEstimate.swift */,
				80951FFE1EDB876F00E66F3D /* Authentication.swift */,
			);
			name = Lyft;
			sourceTree = "<group>";
		};
		80962D951EEC952500D62F56 /* Location */ = {
			isa = PBXGroup;
			children = (
				80ABCDC71EE7964000D05D83 /* LocationManager.swift */,
			);
			name = Location;
			sourceTree = "<group>";
		};
		80B662951EDA3851006F19C4 = {
			isa = PBXGroup;
			children = (
				80B662A01EDA3851006F19C4 /* SuperRyde */,
				80B662B51EDA3851006F19C4 /* SuperRydeTests */,
				80B6629F1EDA3851006F19C4 /* Products */,
				73B0D0D78B937194092D4D1F /* Pods */,
				E47407B8ABF84D61816CCA71 /* Frameworks */,
			);
			sourceTree = "<group>";
		};
		80B6629F1EDA3851006F19C4 /* Products */ = {
			isa = PBXGroup;
			children = (
				80B6629E1EDA3851006F19C4 /* SuperRyde.app */,
				80B662B21EDA3851006F19C4 /* SuperRydeTests.xctest */,
			);
			name = Products;
			sourceTree = "<group>";
		};
		80B662A01EDA3851006F19C4 /* SuperRyde */ = {
			isa = PBXGroup;
			children = (
				80962D951EEC952500D62F56 /* Location */,
				80951FF21EDB69FB00E66F3D /* Network */,
				80B662A11EDA3851006F19C4 /* AppDelegate.swift */,
				804E42651EDCFBFC007F0BC3 /* MapViewModel.swift */,
				80B662A31EDA3851006F19C4 /* MapController.swift */,
				80962D931EEC933B00D62F56 /* MapView.swift */,
				80962D911EEC921800D62F56 /* DestinationView.swift */,
				80B662A81EDA3851006F19C4 /* Assets.xcassets */,
				80B662A51EDA3851006F19C4 /* Main.storyboard */,
				80B662AA1EDA3851006F19C4 /* LaunchScreen.storyboard */,
				80B662AD1EDA3851006F19C4 /* Info.plist */,
			);
			path = SuperRyde;
			sourceTree = "<group>";
		};
		80B662B51EDA3851006F19C4 /* SuperRydeTests */ = {
			isa = PBXGroup;
			children = (
				80B662B61EDA3851006F19C4 /* SuperRydeTests.swift */,
				80B662B81EDA3851006F19C4 /* Info.plist */,
			);
			path = SuperRydeTests;
			sourceTree = "<group>";
		};
		E47407B8ABF84D61816CCA71 /* Frameworks */ = {
			isa = PBXGroup;
			children = (
				BB4EAB5E48B0B837191E2B2A /* Pods_SuperRyde.framework */,
				3CB647CB6FBA558AC226F6DA /* Pods_SuperRydeTests.framework */,
			);
			name = Frameworks;
			sourceTree = "<group>";
		};
/* End PBXGroup section */

/* Begin PBXNativeTarget section */
		80B6629D1EDA3851006F19C4 /* SuperRyde */ = {
			isa = PBXNativeTarget;
			buildConfigurationList = 80B662BB1EDA3851006F19C4 /* Build configuration list for PBXNativeTarget "SuperRyde" */;
			buildPhases = (
				5BB4B8FBAD5D20D7EE155C7B /* [CP] Check Pods Manifest.lock */,
				80B6629A1EDA3851006F19C4 /* Sources */,
				80B6629B1EDA3851006F19C4 /* Frameworks */,
				80B6629C1EDA3851006F19C4 /* Resources */,
				C07B6C3869690123604CEE54 /* [CP] Embed Pods Frameworks */,
				7A01D43535ECCF0114F81799 /* [CP] Copy Pods Resources */,
			);
			buildRules = (
			);
			dependencies = (
			);
			name = SuperRyde;
			productName = SuperRyde;
			productReference = 80B6629E1EDA3851006F19C4 /* SuperRyde.app */;
			productType = "com.apple.product-type.application";
		};
		80B662B11EDA3851006F19C4 /* SuperRydeTests */ = {
			isa = PBXNativeTarget;
			buildConfigurationList = 80B662BE1EDA3851006F19C4 /* Build configuration list for PBXNativeTarget "SuperRydeTests" */;
			buildPhases = (
				ED98FB66ADF78FC375E3BDEE /* [CP] Check Pods Manifest.lock */,
				80B662AE1EDA3851006F19C4 /* Sources */,
				80B662AF1EDA3851006F19C4 /* Frameworks */,
				80B662B01EDA3851006F19C4 /* Resources */,
				5F8FB4B99821ABE02179BD68 /* [CP] Embed Pods Frameworks */,
				B6439F5532F036E7E98D3195 /* [CP] Copy Pods Resources */,
			);
			buildRules = (
			);
			dependencies = (
				80B662B41EDA3851006F19C4 /* PBXTargetDependency */,
			);
			name = SuperRydeTests;
			productName = SuperRydeTests;
			productReference = 80B662B21EDA3851006F19C4 /* SuperRydeTests.xctest */;
			productType = "com.apple.product-type.bundle.unit-test";
		};
/* End PBXNativeTarget section */

/* Begin PBXProject section */
		80B662961EDA3851006F19C4 /* Project object */ = {
			isa = PBXProject;
			attributes = {
				LastSwiftUpdateCheck = 0830;
				LastUpgradeCheck = 0830;
				ORGANIZATIONNAME = "Warren Smith";
				TargetAttributes = {
					80B6629D1EDA3851006F19C4 = {
						CreatedOnToolsVersion = 8.3.2;
						ProvisioningStyle = Automatic;
					};
					80B662B11EDA3851006F19C4 = {
						CreatedOnToolsVersion = 8.3.2;
						ProvisioningStyle = Automatic;
						TestTargetID = 80B6629D1EDA3851006F19C4;
					};
				};
			};
			buildConfigurationList = 80B662991EDA3851006F19C4 /* Build configuration list for PBXProject "SuperRyde" */;
			compatibilityVersion = "Xcode 3.2";
			developmentRegion = English;
			hasScannedForEncodings = 0;
			knownRegions = (
				en,
				Base,
			);
			mainGroup = 80B662951EDA3851006F19C4;
			productRefGroup = 80B6629F1EDA3851006F19C4 /* Products */;
			projectDirPath = "";
			projectRoot = "";
			targets = (
				80B6629D1EDA3851006F19C4 /* SuperRyde */,
				80B662B11EDA3851006F19C4 /* SuperRydeTests */,
			);
		};
/* End PBXProject section */

/* Begin PBXResourcesBuildPhase section */
		80B6629C1EDA3851006F19C4 /* Resources */ = {
			isa = PBXResourcesBuildPhase;
			buildActionMask = 2147483647;
			files = (
				80B662AC1EDA3851006F19C4 /* LaunchScreen.storyboard in Resources */,
				80B662A91EDA3851006F19C4 /* Assets.xcassets in Resources */,
				80B662A71EDA3851006F19C4 /* Main.storyboard in Resources */,
			);
			runOnlyForDeploymentPostprocessing = 0;
		};
		80B662B01EDA3851006F19C4 /* Resources */ = {
			isa = PBXResourcesBuildPhase;
			buildActionMask = 2147483647;
			files = (
			);
			runOnlyForDeploymentPostprocessing = 0;
		};
/* End PBXResourcesBuildPhase section */

/* Begin PBXShellScriptBuildPhase section */
		5BB4B8FBAD5D20D7EE155C7B /* [CP] Check Pods Manifest.lock */ = {
			isa = PBXShellScriptBuildPhase;
			buildActionMask = 2147483647;
			files = (
			);
			inputPaths = (
			);
			name = "[CP] Check Pods Manifest.lock";
			outputPaths = (
			);
			runOnlyForDeploymentPostprocessing = 0;
			shellPath = /bin/sh;
			shellScript = "diff \"${PODS_PODFILE_DIR_PATH}/Podfile.lock\" \"${PODS_ROOT}/Manifest.lock\" > /dev/null\nif [ $? != 0 ] ; then\n    # print error to STDERR\n    echo \"error: The sandbox is not in sync with the Podfile.lock. Run 'pod install' or update your CocoaPods installation.\" >&2\n    exit 1\nfi\n";
			showEnvVarsInLog = 0;
		};
		5F8FB4B99821ABE02179BD68 /* [CP] Embed Pods Frameworks */ = {
			isa = PBXShellScriptBuildPhase;
			buildActionMask = 2147483647;
			files = (
			);
			inputPaths = (
			);
			name = "[CP] Embed Pods Frameworks";
			outputPaths = (
			);
			runOnlyForDeploymentPostprocessing = 0;
			shellPath = /bin/sh;
			shellScript = "\"${SRCROOT}/Pods/Target Support Files/Pods-SuperRydeTests/Pods-SuperRydeTests-frameworks.sh\"\n";
			showEnvVarsInLog = 0;
		};
		7A01D43535ECCF0114F81799 /* [CP] Copy Pods Resources */ = {
			isa = PBXShellScriptBuildPhase;
			buildActionMask = 2147483647;
			files = (
			);
			inputPaths = (
			);
			name = "[CP] Copy Pods Resources";
			outputPaths = (
			);
			runOnlyForDeploymentPostprocessing = 0;
			shellPath = /bin/sh;
			shellScript = "\"${SRCROOT}/Pods/Target Support Files/Pods-SuperRyde/Pods-SuperRyde-resources.sh\"\n";
			showEnvVarsInLog = 0;
		};
		B6439F5532F036E7E98D3195 /* [CP] Copy Pods Resources */ = {
			isa = PBXShellScriptBuildPhase;
			buildActionMask = 2147483647;
			files = (
			);
			inputPaths = (
			);
			name = "[CP] Copy Pods Resources";
			outputPaths = (
			);
			runOnlyForDeploymentPostprocessing = 0;
			shellPath = /bin/sh;
			shellScript = "\"${SRCROOT}/Pods/Target Support Files/Pods-SuperRydeTests/Pods-SuperRydeTests-resources.sh\"\n";
			showEnvVarsInLog = 0;
		};
		C07B6C3869690123604CEE54 /* [CP] Embed Pods Frameworks */ = {
			isa = PBXShellScriptBuildPhase;
			buildActionMask = 2147483647;
			files = (
			);
			inputPaths = (
			);
			name = "[CP] Embed Pods Frameworks";
			outputPaths = (
			);
			runOnlyForDeploymentPostprocessing = 0;
			shellPath = /bin/sh;
			shellScript = "\"${SRCROOT}/Pods/Target Support Files/Pods-SuperRyde/Pods-SuperRyde-frameworks.sh\"\n";
			showEnvVarsInLog = 0;
		};
		ED98FB66ADF78FC375E3BDEE /* [CP] Check Pods Manifest.lock */ = {
			isa = PBXShellScriptBuildPhase;
			buildActionMask = 2147483647;
			files = (
			);
			inputPaths = (
			);
			name = "[CP] Check Pods Manifest.lock";
			outputPaths = (
			);
			runOnlyForDeploymentPostprocessing = 0;
			shellPath = /bin/sh;
			shellScript = "diff \"${PODS_PODFILE_DIR_PATH}/Podfile.lock\" \"${PODS_ROOT}/Manifest.lock\" > /dev/null\nif [ $? != 0 ] ; then\n    # print error to STDERR\n    echo \"error: The sandbox is not in sync with the Podfile.lock. Run 'pod install' or update your CocoaPods installation.\" >&2\n    exit 1\nfi\n";
			showEnvVarsInLog = 0;
		};
/* End PBXShellScriptBuildPhase section */

/* Begin PBXSourcesBuildPhase section */
		80B6629A1EDA3851006F19C4 /* Sources */ = {
			isa = PBXSourcesBuildPhase;
			buildActionMask = 2147483647;
			files = (
				80951FF41EDB6A2600E66F3D /* UberApi.swift in Sources */,
				80951FFB1EDB829000E66F3D /* CostEstimate.swift in Sources */,
				80B662A41EDA3851006F19C4 /* MapController.swift in Sources */,
				80962D941EEC933B00D62F56 /* MapView.swift in Sources */,
				80B662A21EDA3851006F19C4 /* AppDelegate.swift in Sources */,
				80962D921EEC921800D62F56 /* DestinationView.swift in Sources */,
				80ABCDC81EE7964000D05D83 /* LocationManager.swift in Sources */,
				804E42661EDCFBFC007F0BC3 /* MapViewModel.swift in Sources */,
				800CD49C1EDA4A9300F63D5D /* PriceEstimate.swift in Sources */,
				80951FFF1EDB876F00E66F3D /* Authentication.swift in Sources */,
				80951FF91EDB81D800E66F3D /* LyftApi.swift in Sources */,
			);
			runOnlyForDeploymentPostprocessing = 0;
		};
		80B662AE1EDA3851006F19C4 /* Sources */ = {
			isa = PBXSourcesBuildPhase;
			buildActionMask = 2147483647;
			files = (
				80B662B71EDA3851006F19C4 /* SuperRydeTests.swift in Sources */,
			);
			runOnlyForDeploymentPostprocessing = 0;
		};
/* End PBXSourcesBuildPhase section */

/* Begin PBXTargetDependency section */
		80B662B41EDA3851006F19C4 /* PBXTargetDependency */ = {
			isa = PBXTargetDependency;
			target = 80B6629D1EDA3851006F19C4 /* SuperRyde */;
			targetProxy = 80B662B31EDA3851006F19C4 /* PBXContainerItemProxy */;
		};
/* End PBXTargetDependency section */

/* Begin PBXVariantGroup section */
		80B662A51EDA3851006F19C4 /* Main.storyboard */ = {
			isa = PBXVariantGroup;
			children = (
				80B662A61EDA3851006F19C4 /* Base */,
			);
			name = Main.storyboard;
			sourceTree = "<group>";
		};
		80B662AA1EDA3851006F19C4 /* LaunchScreen.storyboard */ = {
			isa = PBXVariantGroup;
			children = (
				80B662AB1EDA3851006F19C4 /* Base */,
			);
			name = LaunchScreen.storyboard;
			sourceTree = "<group>";
		};
/* End PBXVariantGroup section */

/* Begin XCBuildConfiguration section */
		80B662B91EDA3851006F19C4 /* Debug */ = {
			isa = XCBuildConfiguration;
			buildSettings = {
				ALWAYS_SEARCH_USER_PATHS = NO;
				CLANG_ANALYZER_NONNULL = YES;
				CLANG_ANALYZER_NUMBER_OBJECT_CONVERSION = YES_AGGRESSIVE;
				CLANG_CXX_LANGUAGE_STANDARD = "gnu++0x";
				CLANG_CXX_LIBRARY = "libc++";
				CLANG_ENABLE_MODULES = YES;
				CLANG_ENABLE_OBJC_ARC = YES;
				CLANG_WARN_BOOL_CONVERSION = YES;
				CLANG_WARN_CONSTANT_CONVERSION = YES;
				CLANG_WARN_DIRECT_OBJC_ISA_USAGE = YES_ERROR;
				CLANG_WARN_DOCUMENTATION_COMMENTS = YES;
				CLANG_WARN_EMPTY_BODY = YES;
				CLANG_WARN_ENUM_CONVERSION = YES;
				CLANG_WARN_INFINITE_RECURSION = YES;
				CLANG_WARN_INT_CONVERSION = YES;
				CLANG_WARN_OBJC_ROOT_CLASS = YES_ERROR;
				CLANG_WARN_SUSPICIOUS_MOVE = YES;
				CLANG_WARN_UNREACHABLE_CODE = YES;
				CLANG_WARN__DUPLICATE_METHOD_MATCH = YES;
				"CODE_SIGN_IDENTITY[sdk=iphoneos*]" = "iPhone Developer";
				COPY_PHASE_STRIP = NO;
				DEBUG_INFORMATION_FORMAT = dwarf;
				ENABLE_STRICT_OBJC_MSGSEND = YES;
				ENABLE_TESTABILITY = YES;
				GCC_C_LANGUAGE_STANDARD = gnu99;
				GCC_DYNAMIC_NO_PIC = NO;
				GCC_NO_COMMON_BLOCKS = YES;
				GCC_OPTIMIZATION_LEVEL = 0;
				GCC_PREPROCESSOR_DEFINITIONS = (
					"DEBUG=1",
					"$(inherited)",
				);
				GCC_WARN_64_TO_32_BIT_CONVERSION = YES;
				GCC_WARN_ABOUT_RETURN_TYPE = YES_ERROR;
				GCC_WARN_UNDECLARED_SELECTOR = YES;
				GCC_WARN_UNINITIALIZED_AUTOS = YES_AGGRESSIVE;
				GCC_WARN_UNUSED_FUNCTION = YES;
				GCC_WARN_UNUSED_VARIABLE = YES;
				IPHONEOS_DEPLOYMENT_TARGET = 10.3;
				MTL_ENABLE_DEBUG_INFO = YES;
				ONLY_ACTIVE_ARCH = YES;
				SDKROOT = iphoneos;
				SWIFT_ACTIVE_COMPILATION_CONDITIONS = DEBUG;
				SWIFT_OPTIMIZATION_LEVEL = "-Onone";
			};
			name = Debug;
		};
		80B662BA1EDA3851006F19C4 /* Release */ = {
			isa = XCBuildConfiguration;
			buildSettings = {
				ALWAYS_SEARCH_USER_PATHS = NO;
				CLANG_ANALYZER_NONNULL = YES;
				CLANG_ANALYZER_NUMBER_OBJECT_CONVERSION = YES_AGGRESSIVE;
				CLANG_CXX_LANGUAGE_STANDARD = "gnu++0x";
				CLANG_CXX_LIBRARY = "libc++";
				CLANG_ENABLE_MODULES = YES;
				CLANG_ENABLE_OBJC_ARC = YES;
				CLANG_WARN_BOOL_CONVERSION = YES;
				CLANG_WARN_CONSTANT_CONVERSION = YES;
				CLANG_WARN_DIRECT_OBJC_ISA_USAGE = YES_ERROR;
				CLANG_WARN_DOCUMENTATION_COMMENTS = YES;
				CLANG_WARN_EMPTY_BODY = YES;
				CLANG_WARN_ENUM_CONVERSION = YES;
				CLANG_WARN_INFINITE_RECURSION = YES;
				CLANG_WARN_INT_CONVERSION = YES;
				CLANG_WARN_OBJC_ROOT_CLASS = YES_ERROR;
				CLANG_WARN_SUSPICIOUS_MOVE = YES;
				CLANG_WARN_UNREACHABLE_CODE = YES;
				CLANG_WARN__DUPLICATE_METHOD_MATCH = YES;
				"CODE_SIGN_IDENTITY[sdk=iphoneos*]" = "iPhone Developer";
				COPY_PHASE_STRIP = NO;
				DEBUG_INFORMATION_FORMAT = "dwarf-with-dsym";
				ENABLE_NS_ASSERTIONS = NO;
				ENABLE_STRICT_OBJC_MSGSEND = YES;
				GCC_C_LANGUAGE_STANDARD = gnu99;
				GCC_NO_COMMON_BLOCKS = YES;
				GCC_WARN_64_TO_32_BIT_CONVERSION = YES;
				GCC_WARN_ABOUT_RETURN_TYPE = YES_ERROR;
				GCC_WARN_UNDECLARED_SELECTOR = YES;
				GCC_WARN_UNINITIALIZED_AUTOS = YES_AGGRESSIVE;
				GCC_WARN_UNUSED_FUNCTION = YES;
				GCC_WARN_UNUSED_VARIABLE = YES;
				IPHONEOS_DEPLOYMENT_TARGET = 10.3;
				MTL_ENABLE_DEBUG_INFO = NO;
				SDKROOT = iphoneos;
				SWIFT_OPTIMIZATION_LEVEL = "-Owholemodule";
				VALIDATE_PRODUCT = YES;
			};
			name = Release;
		};
		80B662BC1EDA3851006F19C4 /* Debug */ = {
			isa = XCBuildConfiguration;
			baseConfigurationReference = 5B99D1D1D01BF0E0D48CCCA1 /* Pods-SuperRyde.debug.xcconfig */;
			buildSettings = {
				ASSETCATALOG_COMPILER_APPICON_NAME = AppIcon;
				INFOPLIST_FILE = SuperRyde/Info.plist;
				LD_RUNPATH_SEARCH_PATHS = "$(inherited) @executable_path/Frameworks";
				PRODUCT_BUNDLE_IDENTIFIER = com.naturalwarren.SuperRyde;
				PRODUCT_NAME = "$(TARGET_NAME)";
				SWIFT_VERSION = 3.0;
			};
			name = Debug;
		};
		80B662BD1EDA3851006F19C4 /* Release */ = {
			isa = XCBuildConfiguration;
			baseConfigurationReference = C1912388BE5FA3D517DAF10E /* Pods-SuperRyde.release.xcconfig */;
			buildSettings = {
				ASSETCATALOG_COMPILER_APPICON_NAME = AppIcon;
				INFOPLIST_FILE = SuperRyde/Info.plist;
				LD_RUNPATH_SEARCH_PATHS = "$(inherited) @executable_path/Frameworks";
				PRODUCT_BUNDLE_IDENTIFIER = com.naturalwarren.SuperRyde;
				PRODUCT_NAME = "$(TARGET_NAME)";
				SWIFT_VERSION = 3.0;
			};
			name = Release;
		};
		80B662BF1EDA3851006F19C4 /* Debug */ = {
			isa = XCBuildConfiguration;
			baseConfigurationReference = 2F6987A0AAC2CE09208A06F1 /* Pods-SuperRydeTests.debug.xcconfig */;
			buildSettings = {
				ALWAYS_EMBED_SWIFT_STANDARD_LIBRARIES = YES;
				BUNDLE_LOADER = "$(TEST_HOST)";
				INFOPLIST_FILE = SuperRydeTests/Info.plist;
				LD_RUNPATH_SEARCH_PATHS = "$(inherited) @executable_path/Frameworks @loader_path/Frameworks";
				PRODUCT_BUNDLE_IDENTIFIER = com.naturalwarren.SuperRydeTests;
				PRODUCT_NAME = "$(TARGET_NAME)";
				SWIFT_VERSION = 3.0;
				TEST_HOST = "$(BUILT_PRODUCTS_DIR)/SuperRyde.app/SuperRyde";
			};
			name = Debug;
		};
		80B662C01EDA3851006F19C4 /* Release */ = {
			isa = XCBuildConfiguration;
			baseConfigurationReference = E9CC85FBEC340CA4BD569E1D /* Pods-SuperRydeTests.release.xcconfig */;
			buildSettings = {
				ALWAYS_EMBED_SWIFT_STANDARD_LIBRARIES = YES;
				BUNDLE_LOADER = "$(TEST_HOST)";
				INFOPLIST_FILE = SuperRydeTests/Info.plist;
				LD_RUNPATH_SEARCH_PATHS = "$(inherited) @executable_path/Frameworks @loader_path/Frameworks";
				PRODUCT_BUNDLE_IDENTIFIER = com.naturalwarren.SuperRydeTests;
				PRODUCT_NAME = "$(TARGET_NAME)";
				SWIFT_VERSION = 3.0;
				TEST_HOST = "$(BUILT_PRODUCTS_DIR)/SuperRyde.app/SuperRyde";
			};
			name = Release;
		};
/* End XCBuildConfiguration section */

/* Begin XCConfigurationList section */
		80B662991EDA3851006F19C4 /* Build configuration list for PBXProject "SuperRyde" */ = {
			isa = XCConfigurationList;
			buildConfigurations = (
				80B662B91EDA3851006F19C4 /* Debug */,
				80B662BA1EDA3851006F19C4 /* Release */,
			);
			defaultConfigurationIsVisible = 0;
			defaultConfigurationName = Release;
		};
		80B662BB1EDA3851006F19C4 /* Build configuration list for PBXNativeTarget "SuperRyde" */ = {
			isa = XCConfigurationList;
			buildConfigurations = (
				80B662BC1EDA3851006F19C4 /* Debug */,
				80B662BD1EDA3851006F19C4 /* Release */,
			);
			defaultConfigurationIsVisible = 0;
			defaultConfigurationName = Release;
		};
		80B662BE1EDA3851006F19C4 /* Build configuration list for PBXNativeTarget "SuperRydeTests" */ = {
			isa = XCConfigurationList;
			buildConfigurations = (
				80B662BF1EDA3851006F19C4 /* Debug */,
				80B662C01EDA3851006F19C4 /* Release */,
			);
			defaultConfigurationIsVisible = 0;
			defaultConfigurationName = Release;
		};
/* End XCConfigurationList section */
	};
	rootObject = 80B662961EDA3851006F19C4 /* Project object */;
}
